
Microsoft Visual Studio Solution File, Format Version 12.00
# Visual Studio 2012
Project("{FAE04EC0-301F-11D3-BF4B-00C04F79EFBC}") = "WebApp", "supporting-projects\WebApp\WebApp.csproj", "{C2704E9E-9B4F-4885-AB69-855C30B8D6F9}"
EndProject
Project("{2150E333-8FDC-42A3-9474-1A3956D46DE8}") = "Solution Files", "Solution Files", "{A638F507-47C8-406E-95A9-660BD96A9D92}"
	ProjectSection(SolutionItems) = preProject
		supporting-files\FlatFile.txt = supporting-files\FlatFile.txt
		supporting-files\InstallScript.ps1 = supporting-files\InstallScript.ps1
		supporting-files\required_reg.reg = supporting-files\required_reg.reg
		supporting-files\TestFile.xml = supporting-files\TestFile.xml
	EndProjectSection
EndProject
Project("{2150E333-8FDC-42A3-9474-1A3956D46DE8}") = "PublishedWebFilesCopy", "PublishedWebFilesCopy", "{13E70616-9227-4031-8516-6EFF291E5FDD}"
	ProjectSection(SolutionItems) = preProject
		samples\BasicFileCopy\heatScript.ps1 = samples\BasicFileCopy\heatScript.ps1
		samples\BasicFileCopy\README.txt = samples\BasicFileCopy\README.txt
	EndProjectSection
EndProject
Project("{930C7802-8A8C-48F9-8165-68863BCCD9DD}") = "PublishedWebFilesCopy", "samples\PublishedWebFilesCopy\PublishedWebFilesCopy.wixproj", "{5C012EF8-9D43-4370-959F-178EE502D9F7}"
EndProject
Project("{930C7802-8A8C-48F9-8165-68863BCCD9DD}") = "BasicFileCopy", "samples\BasicFileCopy\BasicFileCopy.wixproj", "{EB806C0E-8064-48EF-BC84-4F9A140EAEEC}"
EndProject
Project("{930C7802-8A8C-48F9-8165-68863BCCD9DD}") = "XmlFileTransform", "samples\XmlFileTransform\XmlFileTransform.wixproj", "{F394CBA4-8BF9-4693-B39C-8DBD0B15EFBC}"
EndProject
Project("{2150E333-8FDC-42A3-9474-1A3956D46DE8}") = "Samples", "Samples", "{A0AF4B0C-23E1-48A6-8A67-C46FFF00CCD2}"
EndProject
Project("{2150E333-8FDC-42A3-9474-1A3956D46DE8}") = "Supporting Projects", "Supporting Projects", "{B114900B-BEBA-4765-8CE3-83A4F031850C}"
EndProject
Project("{930C7802-8A8C-48F9-8165-68863BCCD9DD}") = "RegistryXmlFileTransform", "samples\RegistryXmlFileTransform\RegistryXmlFileTransform.wixproj", "{99148A13-B507-4113-A1A5-E0A8CCAD192C}"
EndProject
Project("{2150E333-8FDC-42A3-9474-1A3956D46DE8}") = "RegistryXmlFileTransform", "RegistryXmlFileTransform", "{2F1D9FA8-B4E4-4A86-B6C7-FBBE328406D2}"
	ProjectSection(SolutionItems) = preProject
		samples\RegistryXmlFileTransform\README.txt = samples\RegistryXmlFileTransform\README.txt
	EndProjectSection
EndProject
Project("{FAE04EC0-301F-11D3-BF4B-00C04F79EFBC}") = "SimpleCustomAction", "samples\SimpleCustomAction\SimpleCustomAction.csproj", "{D4E9AC66-C214-4F66-A379-C46CA457691B}"
EndProject
Project("{930C7802-8A8C-48F9-8165-68863BCCD9DD}") = "SimpleCustomActionInstaller", "samples\SimpleCustomActionInstaller\SimpleCustomActionInstaller.wixproj", "{E8F43657-C11C-411A-8818-56F990D88AFF}"
EndProject
Project("{930C7802-8A8C-48F9-8165-68863BCCD9DD}") = "MinimalUI", "samples\MinimalUI\MinimalUI.wixproj", "{9A67C34F-19E5-4A2D-BA02-952A4036436E}"
EndProject
Project("{930C7802-8A8C-48F9-8165-68863BCCD9DD}") = "OptionalFeaturesUI", "samples\OptionalFeaturesUI\OptionalFeaturesUI.wixproj", "{5144A894-E494-4855-9279-58178354E973}"
EndProject
Project("{930C7802-8A8C-48F9-8165-68863BCCD9DD}") = "ExecutePowerShell", "samples\ExecutePowerShell\ExecutePowerShell.wixproj", "{4A338ECF-4BFF-4B5F-94A4-258B0B74814C}"
EndProject
Project("{930C7802-8A8C-48F9-8165-68863BCCD9DD}") = "StartingAndStoppingWinSvcs", "samples\StartingAndStoppingWinSvcs\StartingAndStoppingWinSvcs.wixproj", "{95160DEA-7A70-4EC9-81C0-C8DF362BABB6}"
EndProject
Global
	GlobalSection(SolutionConfigurationPlatforms) = preSolution
		Debug|Any CPU = Debug|Any CPU
		Debug|Mixed Platforms = Debug|Mixed Platforms
		Debug|x86 = Debug|x86
		Release|Any CPU = Release|Any CPU
		Release|Mixed Platforms = Release|Mixed Platforms
		Release|x86 = Release|x86
	EndGlobalSection
	GlobalSection(ProjectConfigurationPlatforms) = postSolution
		{C2704E9E-9B4F-4885-AB69-855C30B8D6F9}.Debug|Any CPU.ActiveCfg = Debug|Any CPU
		{C2704E9E-9B4F-4885-AB69-855C30B8D6F9}.Debug|Any CPU.Build.0 = Debug|Any CPU
		{C2704E9E-9B4F-4885-AB69-855C30B8D6F9}.Debug|Mixed Platforms.ActiveCfg = Debug|Any CPU
		{C2704E9E-9B4F-4885-AB69-855C30B8D6F9}.Debug|Mixed Platforms.Build.0 = Debug|Any CPU
		{C2704E9E-9B4F-4885-AB69-855C30B8D6F9}.Debug|x86.ActiveCfg = Debug|Any CPU
		{C2704E9E-9B4F-4885-AB69-855C30B8D6F9}.Release|Any CPU.ActiveCfg = Release|Any CPU
		{C2704E9E-9B4F-4885-AB69-855C30B8D6F9}.Release|Any CPU.Build.0 = Release|Any CPU
		{C2704E9E-9B4F-4885-AB69-855C30B8D6F9}.Release|Mixed Platforms.ActiveCfg = Release|Any CPU
		{C2704E9E-9B4F-4885-AB69-855C30B8D6F9}.Release|Mixed Platforms.Build.0 = Release|Any CPU
		{C2704E9E-9B4F-4885-AB69-855C30B8D6F9}.Release|x86.ActiveCfg = Release|Any CPU
		{5C012EF8-9D43-4370-959F-178EE502D9F7}.Debug|Any CPU.ActiveCfg = Debug|x86
		{5C012EF8-9D43-4370-959F-178EE502D9F7}.Debug|Mixed Platforms.ActiveCfg = Debug|x86
		{5C012EF8-9D43-4370-959F-178EE502D9F7}.Debug|Mixed Platforms.Build.0 = Debug|x86
		{5C012EF8-9D43-4370-959F-178EE502D9F7}.Debug|x86.ActiveCfg = Debug|x86
		{5C012EF8-9D43-4370-959F-178EE502D9F7}.Debug|x86.Build.0 = Debug|x86
		{5C012EF8-9D43-4370-959F-178EE502D9F7}.Release|Any CPU.ActiveCfg = Release|x86
		{5C012EF8-9D43-4370-959F-178EE502D9F7}.Release|Mixed Platforms.ActiveCfg = Release|x86
		{5C012EF8-9D43-4370-959F-178EE502D9F7}.Release|Mixed Platforms.Build.0 = Release|x86
		{5C012EF8-9D43-4370-959F-178EE502D9F7}.Release|x86.ActiveCfg = Release|x86
		{5C012EF8-9D43-4370-959F-178EE502D9F7}.Release|x86.Build.0 = Release|x86
		{EB806C0E-8064-48EF-BC84-4F9A140EAEEC}.Debug|Any CPU.ActiveCfg = Debug|x86
		{EB806C0E-8064-48EF-BC84-4F9A140EAEEC}.Debug|Mixed Platforms.ActiveCfg = Debug|x86
		{EB806C0E-8064-48EF-BC84-4F9A140EAEEC}.Debug|Mixed Platforms.Build.0 = Debug|x86
		{EB806C0E-8064-48EF-BC84-4F9A140EAEEC}.Debug|x86.ActiveCfg = Debug|x86
		{EB806C0E-8064-48EF-BC84-4F9A140EAEEC}.Debug|x86.Build.0 = Debug|x86
		{EB806C0E-8064-48EF-BC84-4F9A140EAEEC}.Release|Any CPU.ActiveCfg = Release|x86
		{EB806C0E-8064-48EF-BC84-4F9A140EAEEC}.Release|Mixed Platforms.ActiveCfg = Release|x86
		{EB806C0E-8064-48EF-BC84-4F9A140EAEEC}.Release|Mixed Platforms.Build.0 = Release|x86
		{EB806C0E-8064-48EF-BC84-4F9A140EAEEC}.Release|x86.ActiveCfg = Release|x86
		{EB806C0E-8064-48EF-BC84-4F9A140EAEEC}.Release|x86.Build.0 = Release|x86
		{F394CBA4-8BF9-4693-B39C-8DBD0B15EFBC}.Debug|Any CPU.ActiveCfg = Debug|x86
		{F394CBA4-8BF9-4693-B39C-8DBD0B15EFBC}.Debug|Mixed Platforms.ActiveCfg = Debug|x86
		{F394CBA4-8BF9-4693-B39C-8DBD0B15EFBC}.Debug|Mixed Platforms.Build.0 = Debug|x86
		{F394CBA4-8BF9-4693-B39C-8DBD0B15EFBC}.Debug|x86.ActiveCfg = Debug|x86
		{F394CBA4-8BF9-4693-B39C-8DBD0B15EFBC}.Debug|x86.Build.0 = Debug|x86
		{F394CBA4-8BF9-4693-B39C-8DBD0B15EFBC}.Release|Any CPU.ActiveCfg = Release|x86
		{F394CBA4-8BF9-4693-B39C-8DBD0B15EFBC}.Release|Mixed Platforms.ActiveCfg = Release|x86
		{F394CBA4-8BF9-4693-B39C-8DBD0B15EFBC}.Release|Mixed Platforms.Build.0 = Release|x86
		{F394CBA4-8BF9-4693-B39C-8DBD0B15EFBC}.Release|x86.ActiveCfg = Release|x86
		{F394CBA4-8BF9-4693-B39C-8DBD0B15EFBC}.Release|x86.Build.0 = Release|x86
		{99148A13-B507-4113-A1A5-E0A8CCAD192C}.Debug|Any CPU.ActiveCfg = Debug|x86
		{99148A13-B507-4113-A1A5-E0A8CCAD192C}.Debug|Mixed Platforms.ActiveCfg = Debug|x86
		{99148A13-B507-4113-A1A5-E0A8CCAD192C}.Debug|Mixed Platforms.Build.0 = Debug|x86
		{99148A13-B507-4113-A1A5-E0A8CCAD192C}.Debug|x86.ActiveCfg = Debug|x86
		{99148A13-B507-4113-A1A5-E0A8CCAD192C}.Debug|x86.Build.0 = Debug|x86
		{99148A13-B507-4113-A1A5-E0A8CCAD192C}.Release|Any CPU.ActiveCfg = Release|x86
		{99148A13-B507-4113-A1A5-E0A8CCAD192C}.Release|Mixed Platforms.ActiveCfg = Release|x86
		{99148A13-B507-4113-A1A5-E0A8CCAD192C}.Release|Mixed Platforms.Build.0 = Release|x86
		{99148A13-B507-4113-A1A5-E0A8CCAD192C}.Release|x86.ActiveCfg = Release|x86
		{99148A13-B507-4113-A1A5-E0A8CCAD192C}.Release|x86.Build.0 = Release|x86
		{D4E9AC66-C214-4F66-A379-C46CA457691B}.Debug|Any CPU.ActiveCfg = Debug|x86
		{D4E9AC66-C214-4F66-A379-C46CA457691B}.Debug|Mixed Platforms.ActiveCfg = Debug|x86
		{D4E9AC66-C214-4F66-A379-C46CA457691B}.Debug|Mixed Platforms.Build.0 = Debug|x86
		{D4E9AC66-C214-4F66-A379-C46CA457691B}.Debug|x86.ActiveCfg = Debug|x86
		{D4E9AC66-C214-4F66-A379-C46CA457691B}.Debug|x86.Build.0 = Debug|x86
		{D4E9AC66-C214-4F66-A379-C46CA457691B}.Release|Any CPU.ActiveCfg = Release|x86
		{D4E9AC66-C214-4F66-A379-C46CA457691B}.Release|Mixed Platforms.ActiveCfg = Release|x86
		{D4E9AC66-C214-4F66-A379-C46CA457691B}.Release|Mixed Platforms.Build.0 = Release|x86
		{D4E9AC66-C214-4F66-A379-C46CA457691B}.Release|x86.ActiveCfg = Release|x86
		{D4E9AC66-C214-4F66-A379-C46CA457691B}.Release|x86.Build.0 = Release|x86
		{E8F43657-C11C-411A-8818-56F990D88AFF}.Debug|Any CPU.ActiveCfg = Debug|x86
		{E8F43657-C11C-411A-8818-56F990D88AFF}.Debug|Mixed Platforms.ActiveCfg = Debug|x86
		{E8F43657-C11C-411A-8818-56F990D88AFF}.Debug|Mixed Platforms.Build.0 = Debug|x86
		{E8F43657-C11C-411A-8818-56F990D88AFF}.Debug|x86.ActiveCfg = Debug|x86
		{E8F43657-C11C-411A-8818-56F990D88AFF}.Debug|x86.Build.0 = Debug|x86
		{E8F43657-C11C-411A-8818-56F990D88AFF}.Release|Any CPU.ActiveCfg = Release|x86
		{E8F43657-C11C-411A-8818-56F990D88AFF}.Release|Mixed Platforms.ActiveCfg = Release|x86
		{E8F43657-C11C-411A-8818-56F990D88AFF}.Release|Mixed Platforms.Build.0 = Release|x86
		{E8F43657-C11C-411A-8818-56F990D88AFF}.Release|x86.ActiveCfg = Release|x86
		{E8F43657-C11C-411A-8818-56F990D88AFF}.Release|x86.Build.0 = Release|x86
		{9A67C34F-19E5-4A2D-BA02-952A4036436E}.Debug|Any CPU.ActiveCfg = Debug|x86
		{9A67C34F-19E5-4A2D-BA02-952A4036436E}.Debug|Mixed Platforms.ActiveCfg = Debug|x86
		{9A67C34F-19E5-4A2D-BA02-952A4036436E}.Debug|Mixed Platforms.Build.0 = Debug|x86
		{9A67C34F-19E5-4A2D-BA02-952A4036436E}.Debug|x86.ActiveCfg = Debug|x86
		{9A67C34F-19E5-4A2D-BA02-952A4036436E}.Debug|x86.Build.0 = Debug|x86
		{9A67C34F-19E5-4A2D-BA02-952A4036436E}.Release|Any CPU.ActiveCfg = Release|x86
		{9A67C34F-19E5-4A2D-BA02-952A4036436E}.Release|Mixed Platforms.ActiveCfg = Release|x86
		{9A67C34F-19E5-4A2D-BA02-952A4036436E}.Release|Mixed Platforms.Build.0 = Release|x86
		{9A67C34F-19E5-4A2D-BA02-952A4036436E}.Release|x86.ActiveCfg = Release|x86
		{9A67C34F-19E5-4A2D-BA02-952A4036436E}.Release|x86.Build.0 = Release|x86
		{5144A894-E494-4855-9279-58178354E973}.Debug|Any CPU.ActiveCfg = Debug|x86
		{5144A894-E494-4855-9279-58178354E973}.Debug|Mixed Platforms.ActiveCfg = Debug|x86
		{5144A894-E494-4855-9279-58178354E973}.Debug|Mixed Platforms.Build.0 = Debug|x86
		{5144A894-E494-4855-9279-58178354E973}.Debug|x86.ActiveCfg = Debug|x86
		{5144A894-E494-4855-9279-58178354E973}.Debug|x86.Build.0 = Debug|x86
		{5144A894-E494-4855-9279-58178354E973}.Release|Any CPU.ActiveCfg = Release|x86
		{5144A894-E494-4855-9279-58178354E973}.Release|Mixed Platforms.ActiveCfg = Release|x86
		{5144A894-E494-4855-9279-58178354E973}.Release|Mixed Platforms.Build.0 = Release|x86
		{5144A894-E494-4855-9279-58178354E973}.Release|x86.ActiveCfg = Release|x86
		{5144A894-E494-4855-9279-58178354E973}.Release|x86.Build.0 = Release|x86
		{4A338ECF-4BFF-4B5F-94A4-258B0B74814C}.Debug|Any CPU.ActiveCfg = Debug|x86
		{4A338ECF-4BFF-4B5F-94A4-258B0B74814C}.Debug|Mixed Platforms.ActiveCfg = Debug|x86
		{4A338ECF-4BFF-4B5F-94A4-258B0B74814C}.Debug|Mixed Platforms.Build.0 = Debug|x86
		{4A338ECF-4BFF-4B5F-94A4-258B0B74814C}.Debug|x86.ActiveCfg = Debug|x86
		{4A338ECF-4BFF-4B5F-94A4-258B0B74814C}.Debug|x86.Build.0 = Debug|x86
		{4A338ECF-4BFF-4B5F-94A4-258B0B74814C}.Release|Any CPU.ActiveCfg = Release|x86
		{4A338ECF-4BFF-4B5F-94A4-258B0B74814C}.Release|Mixed Platforms.ActiveCfg = Release|x86
		{4A338ECF-4BFF-4B5F-94A4-258B0B74814C}.Release|Mixed Platforms.Build.0 = Release|x86
		{4A338ECF-4BFF-4B5F-94A4-258B0B74814C}.Release|x86.ActiveCfg = Release|x86
		{4A338ECF-4BFF-4B5F-94A4-258B0B74814C}.Release|x86.Build.0 = Release|x86
		{95160DEA-7A70-4EC9-81C0-C8DF362BABB6}.Debug|Any CPU.ActiveCfg = Debug|x86
		{95160DEA-7A70-4EC9-81C0-C8DF362BABB6}.Debug|Mixed Platforms.ActiveCfg = Debug|x86
		{95160DEA-7A70-4EC9-81C0-C8DF362BABB6}.Debug|Mixed Platforms.Build.0 = Debug|x86
		{95160DEA-7A70-4EC9-81C0-C8DF362BABB6}.Debug|x86.ActiveCfg = Debug|x86
		{95160DEA-7A70-4EC9-81C0-C8DF362BABB6}.Debug|x86.Build.0 = Debug|x86
		{95160DEA-7A70-4EC9-81C0-C8DF362BABB6}.Release|Any CPU.ActiveCfg = Release|x86
		{95160DEA-7A70-4EC9-81C0-C8DF362BABB6}.Release|Mixed Platforms.ActiveCfg = Release|x86
		{95160DEA-7A70-4EC9-81C0-C8DF362BABB6}.Release|Mixed Platforms.Build.0 = Release|x86
		{95160DEA-7A70-4EC9-81C0-C8DF362BABB6}.Release|x86.ActiveCfg = Release|x86
		{95160DEA-7A70-4EC9-81C0-C8DF362BABB6}.Release|x86.Build.0 = Release|x86
	EndGlobalSection
	GlobalSection(SolutionProperties) = preSolution
		HideSolutionNode = FALSE
	EndGlobalSection
	GlobalSection(NestedProjects) = preSolution
		{C2704E9E-9B4F-4885-AB69-855C30B8D6F9} = {B114900B-BEBA-4765-8CE3-83A4F031850C}
		{13E70616-9227-4031-8516-6EFF291E5FDD} = {A638F507-47C8-406E-95A9-660BD96A9D92}
		{2F1D9FA8-B4E4-4A86-B6C7-FBBE328406D2} = {A638F507-47C8-406E-95A9-660BD96A9D92}
		{EB806C0E-8064-48EF-BC84-4F9A140EAEEC} = {A0AF4B0C-23E1-48A6-8A67-C46FFF00CCD2}
		{F394CBA4-8BF9-4693-B39C-8DBD0B15EFBC} = {A0AF4B0C-23E1-48A6-8A67-C46FFF00CCD2}
		{5C012EF8-9D43-4370-959F-178EE502D9F7} = {A0AF4B0C-23E1-48A6-8A67-C46FFF00CCD2}
		{99148A13-B507-4113-A1A5-E0A8CCAD192C} = {A0AF4B0C-23E1-48A6-8A67-C46FFF00CCD2}
		{D4E9AC66-C214-4F66-A379-C46CA457691B} = {A0AF4B0C-23E1-48A6-8A67-C46FFF00CCD2}
		{E8F43657-C11C-411A-8818-56F990D88AFF} = {A0AF4B0C-23E1-48A6-8A67-C46FFF00CCD2}
		{9A67C34F-19E5-4A2D-BA02-952A4036436E} = {A0AF4B0C-23E1-48A6-8A67-C46FFF00CCD2}
		{5144A894-E494-4855-9279-58178354E973} = {A0AF4B0C-23E1-48A6-8A67-C46FFF00CCD2}
		{4A338ECF-4BFF-4B5F-94A4-258B0B74814C} = {A0AF4B0C-23E1-48A6-8A67-C46FFF00CCD2}
		{95160DEA-7A70-4EC9-81C0-C8DF362BABB6} = {A0AF4B0C-23E1-48A6-8A67-C46FFF00CCD2}
	EndGlobalSection
EndGlobal
