
Microsoft Visual Studio Solution File, Format Version 12.00
# Visual Studio 2012
Project("{2150E333-8FDC-42A3-9474-1A3956D46DE8}") = "Solution Files", "Solution Files", "{A638F507-47C8-406E-95A9-660BD96A9D92}"
	ProjectSection(SolutionItems) = preProject
		supporting-files\TestFile.xml = supporting-files\TestFile.xml
	EndProjectSection
EndProject
Project("{FAE04EC0-301F-11D3-BF4B-00C04F79EFBC}") = "SimpleCustomAction", "samples\SimpleCustomAction\SimpleCustomAction.csproj", "{D4E9AC66-C214-4F66-A379-C46CA457691B}"
EndProject
Project("{930C7802-8A8C-48F9-8165-68863BCCD9DD}") = "SimpleCustomActionInstaller", "samples\SimpleCustomActionInstaller\SimpleCustomActionInstaller.wixproj", "{E8F43657-C11C-411A-8818-56F990D88AFF}"
EndProject
Global
	GlobalSection(SolutionConfigurationPlatforms) = preSolution
		Debug|Any CPU = Debug|Any CPU
		Debug|Mixed Platforms = Debug|Mixed Platforms
		Debug|x86 = Debug|x86
		Release|Any CPU = Release|Any CPU
		Release|Mixed Platforms = Release|Mixed Platforms
		Release|x86 = Release|x86
	EndGlobalSection
	GlobalSection(ProjectConfigurationPlatforms) = postSolution
		{D4E9AC66-C214-4F66-A379-C46CA457691B}.Debug|Any CPU.ActiveCfg = Debug|x86
		{D4E9AC66-C214-4F66-A379-C46CA457691B}.Debug|Mixed Platforms.ActiveCfg = Debug|x86
		{D4E9AC66-C214-4F66-A379-C46CA457691B}.Debug|Mixed Platforms.Build.0 = Debug|x86
		{D4E9AC66-C214-4F66-A379-C46CA457691B}.Debug|x86.ActiveCfg = Debug|x86
		{D4E9AC66-C214-4F66-A379-C46CA457691B}.Debug|x86.Build.0 = Debug|x86
		{D4E9AC66-C214-4F66-A379-C46CA457691B}.Release|Any CPU.ActiveCfg = Release|x86
		{D4E9AC66-C214-4F66-A379-C46CA457691B}.Release|Mixed Platforms.ActiveCfg = Release|x86
		{D4E9AC66-C214-4F66-A379-C46CA457691B}.Release|Mixed Platforms.Build.0 = Release|x86
		{D4E9AC66-C214-4F66-A379-C46CA457691B}.Release|x86.ActiveCfg = Release|x86
		{D4E9AC66-C214-4F66-A379-C46CA457691B}.Release|x86.Build.0 = Release|x86
		{E8F43657-C11C-411A-8818-56F990D88AFF}.Debug|Any CPU.ActiveCfg = Debug|x86
		{E8F43657-C11C-411A-8818-56F990D88AFF}.Debug|Mixed Platforms.ActiveCfg = Debug|x86
		{E8F43657-C11C-411A-8818-56F990D88AFF}.Debug|Mixed Platforms.Build.0 = Debug|x86
		{E8F43657-C11C-411A-8818-56F990D88AFF}.Debug|x86.ActiveCfg = Debug|x86
		{E8F43657-C11C-411A-8818-56F990D88AFF}.Debug|x86.Build.0 = Debug|x86
		{E8F43657-C11C-411A-8818-56F990D88AFF}.Release|Any CPU.ActiveCfg = Release|x86
		{E8F43657-C11C-411A-8818-56F990D88AFF}.Release|Mixed Platforms.ActiveCfg = Release|x86
		{E8F43657-C11C-411A-8818-56F990D88AFF}.Release|Mixed Platforms.Build.0 = Release|x86
		{E8F43657-C11C-411A-8818-56F990D88AFF}.Release|x86.ActiveCfg = Release|x86
		{E8F43657-C11C-411A-8818-56F990D88AFF}.Release|x86.Build.0 = Release|x86
	EndGlobalSection
	GlobalSection(SolutionProperties) = preSolution
		HideSolutionNode = FALSE
	EndGlobalSection
EndGlobal
