
Microsoft Visual Studio Solution File, Format Version 12.00
# Visual Studio 2012
Project("{FAE04EC0-301F-11D3-BF4B-00C04F79EFBC}") = "WebApp", "supporting-projects\WebApp\WebApp.csproj", "{C2704E9E-9B4F-4885-AB69-855C30B8D6F9}"
EndProject
Project("{2150E333-8FDC-42A3-9474-1A3956D46DE8}") = "Solution Files", "Solution Files", "{A638F507-47C8-406E-95A9-660BD96A9D92}"
	ProjectSection(SolutionItems) = preProject
		supporting-files\TestFile.xml = supporting-files\TestFile.xml
	EndProjectSection
EndProject
Project("{2150E333-8FDC-42A3-9474-1A3956D46DE8}") = "PublishedWebFilesCopy", "PublishedWebFilesCopy", "{13E70616-9227-4031-8516-6EFF291E5FDD}"
	ProjectSection(SolutionItems) = preProject
		samples\BasicFileCopy\heatScript.ps1 = samples\BasicFileCopy\heatScript.ps1
		samples\BasicFileCopy\README.txt = samples\BasicFileCopy\README.txt
	EndProjectSection
EndProject
Project("{930C7802-8A8C-48F9-8165-68863BCCD9DD}") = "PublishedWebFilesCopy", "samples\PublishedWebFilesCopy\PublishedWebFilesCopy.wixproj", "{5C012EF8-9D43-4370-959F-178EE502D9F7}"
EndProject
Project("{930C7802-8A8C-48F9-8165-68863BCCD9DD}") = "BasicFileCopy", "samples\BasicFileCopy\BasicFileCopy.wixproj", "{EB806C0E-8064-48EF-BC84-4F9A140EAEEC}"
EndProject
Project("{930C7802-8A8C-48F9-8165-68863BCCD9DD}") = "XmlFileTransform", "samples\XmlFileTransform\XmlFileTransform.wixproj", "{F394CBA4-8BF9-4693-B39C-8DBD0B15EFBC}"
EndProject
Global
	GlobalSection(SolutionConfigurationPlatforms) = preSolution
		Debug|Any CPU = Debug|Any CPU
		Debug|Mixed Platforms = Debug|Mixed Platforms
		Debug|x86 = Debug|x86
		Release|Any CPU = Release|Any CPU
		Release|Mixed Platforms = Release|Mixed Platforms
		Release|x86 = Release|x86
	EndGlobalSection
	GlobalSection(ProjectConfigurationPlatforms) = postSolution
		{C2704E9E-9B4F-4885-AB69-855C30B8D6F9}.Debug|Any CPU.ActiveCfg = Debug|Any CPU
		{C2704E9E-9B4F-4885-AB69-855C30B8D6F9}.Debug|Any CPU.Build.0 = Debug|Any CPU
		{C2704E9E-9B4F-4885-AB69-855C30B8D6F9}.Debug|Mixed Platforms.ActiveCfg = Debug|Any CPU
		{C2704E9E-9B4F-4885-AB69-855C30B8D6F9}.Debug|Mixed Platforms.Build.0 = Debug|Any CPU
		{C2704E9E-9B4F-4885-AB69-855C30B8D6F9}.Debug|x86.ActiveCfg = Debug|Any CPU
		{C2704E9E-9B4F-4885-AB69-855C30B8D6F9}.Release|Any CPU.ActiveCfg = Release|Any CPU
		{C2704E9E-9B4F-4885-AB69-855C30B8D6F9}.Release|Any CPU.Build.0 = Release|Any CPU
		{C2704E9E-9B4F-4885-AB69-855C30B8D6F9}.Release|Mixed Platforms.ActiveCfg = Release|Any CPU
		{C2704E9E-9B4F-4885-AB69-855C30B8D6F9}.Release|Mixed Platforms.Build.0 = Release|Any CPU
		{C2704E9E-9B4F-4885-AB69-855C30B8D6F9}.Release|x86.ActiveCfg = Release|Any CPU
		{5C012EF8-9D43-4370-959F-178EE502D9F7}.Debug|Any CPU.ActiveCfg = Debug|x86
		{5C012EF8-9D43-4370-959F-178EE502D9F7}.Debug|Mixed Platforms.ActiveCfg = Debug|x86
		{5C012EF8-9D43-4370-959F-178EE502D9F7}.Debug|Mixed Platforms.Build.0 = Debug|x86
		{5C012EF8-9D43-4370-959F-178EE502D9F7}.Debug|x86.ActiveCfg = Debug|x86
		{5C012EF8-9D43-4370-959F-178EE502D9F7}.Debug|x86.Build.0 = Debug|x86
		{5C012EF8-9D43-4370-959F-178EE502D9F7}.Release|Any CPU.ActiveCfg = Release|x86
		{5C012EF8-9D43-4370-959F-178EE502D9F7}.Release|Mixed Platforms.ActiveCfg = Release|x86
		{5C012EF8-9D43-4370-959F-178EE502D9F7}.Release|Mixed Platforms.Build.0 = Release|x86
		{5C012EF8-9D43-4370-959F-178EE502D9F7}.Release|x86.ActiveCfg = Release|x86
		{5C012EF8-9D43-4370-959F-178EE502D9F7}.Release|x86.Build.0 = Release|x86
		{EB806C0E-8064-48EF-BC84-4F9A140EAEEC}.Debug|Any CPU.ActiveCfg = Debug|x86
		{EB806C0E-8064-48EF-BC84-4F9A140EAEEC}.Debug|Mixed Platforms.ActiveCfg = Debug|x86
		{EB806C0E-8064-48EF-BC84-4F9A140EAEEC}.Debug|Mixed Platforms.Build.0 = Debug|x86
		{EB806C0E-8064-48EF-BC84-4F9A140EAEEC}.Debug|x86.ActiveCfg = Debug|x86
		{EB806C0E-8064-48EF-BC84-4F9A140EAEEC}.Debug|x86.Build.0 = Debug|x86
		{EB806C0E-8064-48EF-BC84-4F9A140EAEEC}.Release|Any CPU.ActiveCfg = Release|x86
		{EB806C0E-8064-48EF-BC84-4F9A140EAEEC}.Release|Mixed Platforms.ActiveCfg = Release|x86
		{EB806C0E-8064-48EF-BC84-4F9A140EAEEC}.Release|Mixed Platforms.Build.0 = Release|x86
		{EB806C0E-8064-48EF-BC84-4F9A140EAEEC}.Release|x86.ActiveCfg = Release|x86
		{EB806C0E-8064-48EF-BC84-4F9A140EAEEC}.Release|x86.Build.0 = Release|x86
		{F394CBA4-8BF9-4693-B39C-8DBD0B15EFBC}.Debug|Any CPU.ActiveCfg = Debug|x86
		{F394CBA4-8BF9-4693-B39C-8DBD0B15EFBC}.Debug|Mixed Platforms.ActiveCfg = Debug|x86
		{F394CBA4-8BF9-4693-B39C-8DBD0B15EFBC}.Debug|Mixed Platforms.Build.0 = Debug|x86
		{F394CBA4-8BF9-4693-B39C-8DBD0B15EFBC}.Debug|x86.ActiveCfg = Debug|x86
		{F394CBA4-8BF9-4693-B39C-8DBD0B15EFBC}.Debug|x86.Build.0 = Debug|x86
		{F394CBA4-8BF9-4693-B39C-8DBD0B15EFBC}.Release|Any CPU.ActiveCfg = Release|x86
		{F394CBA4-8BF9-4693-B39C-8DBD0B15EFBC}.Release|Mixed Platforms.ActiveCfg = Release|x86
		{F394CBA4-8BF9-4693-B39C-8DBD0B15EFBC}.Release|Mixed Platforms.Build.0 = Release|x86
		{F394CBA4-8BF9-4693-B39C-8DBD0B15EFBC}.Release|x86.ActiveCfg = Release|x86
		{F394CBA4-8BF9-4693-B39C-8DBD0B15EFBC}.Release|x86.Build.0 = Release|x86
	EndGlobalSection
	GlobalSection(SolutionProperties) = preSolution
		HideSolutionNode = FALSE
	EndGlobalSection
	GlobalSection(NestedProjects) = preSolution
		{13E70616-9227-4031-8516-6EFF291E5FDD} = {A638F507-47C8-406E-95A9-660BD96A9D92}
	EndGlobalSection
EndGlobal
